{
    "_readme": [
        "This file locks the dependencies of your project to a known state",
        "Read more about it at http://getcomposer.org/doc/01-basic-usage.md#composer-lock-the-lock-file"
    ],
    "hash": "b117c44f8349a5e21d9ba31a578ce765",
    "packages": [
        {
            "name": "guzzle/guzzle",
            "version": "v3.8.0",
            "source": {
                "type": "git",
                "url": "https://github.com/guzzle/guzzle.git",
                "reference": "b4a3ce8c05e777fa18b802956d5d0e38ad338a69"
            },
            "dist": {
                "type": "zip",
                "url": "https://api.github.com/repos/guzzle/guzzle/zipball/b4a3ce8c05e777fa18b802956d5d0e38ad338a69",
                "reference": "b4a3ce8c05e777fa18b802956d5d0e38ad338a69",
                "shasum": ""
            },
            "require": {
                "ext-curl": "*",
                "php": ">=5.3.3",
                "symfony/event-dispatcher": ">=2.1"
            },
            "replace": {
                "guzzle/batch": "self.version",
                "guzzle/cache": "self.version",
                "guzzle/common": "self.version",
                "guzzle/http": "self.version",
                "guzzle/inflection": "self.version",
                "guzzle/iterator": "self.version",
                "guzzle/log": "self.version",
                "guzzle/parser": "self.version",
                "guzzle/plugin": "self.version",
                "guzzle/plugin-async": "self.version",
                "guzzle/plugin-backoff": "self.version",
                "guzzle/plugin-cache": "self.version",
                "guzzle/plugin-cookie": "self.version",
                "guzzle/plugin-curlauth": "self.version",
                "guzzle/plugin-error-response": "self.version",
                "guzzle/plugin-history": "self.version",
                "guzzle/plugin-log": "self.version",
                "guzzle/plugin-md5": "self.version",
                "guzzle/plugin-mock": "self.version",
                "guzzle/plugin-oauth": "self.version",
                "guzzle/service": "self.version",
                "guzzle/stream": "self.version"
            },
            "require-dev": {
                "doctrine/cache": "*",
                "monolog/monolog": "1.*",
                "phpunit/phpunit": "3.7.*",
                "psr/log": "1.0.*",
                "symfony/class-loader": "*",
                "zendframework/zend-cache": "2.0.*",
                "zendframework/zend-log": "2.0.*"
            },
            "type": "library",
            "extra": {
                "branch-alias": {
                    "dev-master": "3.8-dev"
                }
            },
            "autoload": {
                "psr-0": {
                    "Guzzle\\Tests": "tests/",
                    "Guzzle": "src/"
                }
            },
            "notification-url": "https://packagist.org/downloads/",
            "license": [
                "MIT"
            ],
            "authors": [
                {
                    "name": "Michael Dowling",
                    "email": "mtdowling@gmail.com",
                    "homepage": "https://github.com/mtdowling"
                },
                {
                    "name": "Guzzle Community",
                    "homepage": "https://github.com/guzzle/guzzle/contributors"
                }
            ],
            "description": "Guzzle is a PHP HTTP client library and framework for building RESTful web service clients",
            "homepage": "http://guzzlephp.org/",
            "keywords": [
                "client",
                "curl",
                "framework",
                "http",
                "http client",
                "rest",
                "web service"
            ],
            "time": "2013-12-05 23:39:20"
        },
        {
            "name": "respect/config",
            "version": "1.0.1",
            "source": {
                "type": "git",
                "url": "https://github.com/Respect/Config.git",
                "reference": "1d7689ccb0c43153218b463a728f6c7130f1566a"
            },
            "dist": {
                "type": "zip",
                "url": "https://api.github.com/repos/Respect/Config/zipball/1d7689ccb0c43153218b463a728f6c7130f1566a",
                "reference": "1d7689ccb0c43153218b463a728f6c7130f1566a",
                "shasum": ""
            },
            "require": {
                "php": ">=5.3.0"
            },
            "require-dev": {
                "phpunit/phpunit": "@stable",
                "respect/test": "dev-master"
            },
            "type": "library",
            "autoload": {
                "psr-0": {
                    "Respect\\Config": "library"
                }
            },
            "notification-url": "https://packagist.org/downloads/",
            "license": [
                "BSD-3-Clause"
            ],
            "authors": [
                {
                    "name": "Henrique Moody",
                    "email": "henriquemoody@gmail.com",
                    "homepage": "http://henriquemoody.com/"
                },
                {
                    "name": "Alexandre",
                    "email": "alexandre@gaigalas.net"
                },
                {
                    "name": "Rogerio Prado de Jesus",
                    "email": "rogeriopradoj@gmail.com"
                },
                {
                    "name": "Thiago Rigo",
                    "email": "thiagophx@gmail.com"
                },
                {
                    "name": "Augusto Pascutti",
                    "email": "augusto@phpsp.org.br"
                },
                {
                    "name": "Nick Lombard",
                    "email": "github@jigsoft.co.za"
                },
                {
                    "name": "Ivo Nascimento",
                    "email": "iannsp@gmail.com"
                }
            ],
            "description": "A powerful, small, deadly simple configurator and dependency injection container made to be easy.",
            "homepage": "https://github.com/Respect/Config",
            "keywords": [
                "config",
                "dependency injection",
                "dic",
                "respect"
            ],
            "time": "2013-08-21 00:17:18"
        },
        {
            "name": "respect/data",
            "version": "0.2.1",
            "source": {
                "type": "git",
                "url": "https://github.com/Respect/Data.git",
                "reference": "7da4b3bd9f4bf584de632f50d58a692ac091ec80"
            },
            "dist": {
                "type": "zip",
                "url": "https://api.github.com/repos/Respect/Data/zipball/7da4b3bd9f4bf584de632f50d58a692ac091ec80",
                "reference": "7da4b3bd9f4bf584de632f50d58a692ac091ec80",
                "shasum": ""
            },
            "type": "library",
            "autoload": {
                "psr-0": {
                    "Respect\\Data": "library/"
                }
            },
            "notification-url": "https://packagist.org/downloads/",
            "license": [
                "BSD Style"
            ],
            "authors": [
                {
                    "name": "Henrique Moody",
                    "email": "henriquemoody@gmail.com",
                    "homepage": "http://henriquemoody.com/"
                },
                {
                    "name": "Alexandre",
                    "email": "alexandre@gaigalas.net"
                },
                {
                    "name": "Rogerio Prado de Jesus",
                    "email": "rogeriopradoj@gmail.com"
                },
                {
                    "name": "Augusto Pascutti",
                    "email": "augusto@phpsp.org.br"
                },
                {
                    "name": "Nick Lombard",
                    "email": "github@jigsoft.co.za"
                }
            ],
            "description": "Persistence simplified",
            "time": "2013-02-14 01:32:14"
        },
        {
            "name": "respect/relational",
            "version": "0.5.1",
            "source": {
                "type": "git",
                "url": "https://github.com/Respect/Relational.git",
                "reference": "48613ed23e6a3bdce7f3978dcf4dc544805eec9c"
            },
            "dist": {
                "type": "zip",
                "url": "https://api.github.com/repos/Respect/Relational/zipball/48613ed23e6a3bdce7f3978dcf4dc544805eec9c",
                "reference": "48613ed23e6a3bdce7f3978dcf4dc544805eec9c",
                "shasum": ""
            },
            "require": {
                "respect/data": "0.2.1"
            },
            "type": "library",
            "autoload": {
                "psr-0": {
                    "Respect\\Relational": "library/"
                }
            },
            "notification-url": "https://packagist.org/downloads/",
            "license": [
                "BSD Style"
            ],
            "authors": [
                {
                    "name": "Henrique Moody",
                    "email": "henriquemoody@gmail.com",
                    "homepage": "http://henriquemoody.com/"
                },
                {
                    "name": "Alexandre Gomes Gaigalas",
                    "email": "alexandre@gaigalas.net"
                },
                {
                    "name": "Fábio da Silva Ribeiro",
                    "email": "fabiorphp@gmail.com"
                },
                {
                    "name": "Rogerio Prado de Jesus",
                    "email": "rogeriopradoj@gmail.com"
                },
                {
                    "name": "Claudson Oliveira",
                    "email": "claudsonweb@gmail.com"
                },
                {
                    "name": "Kinn Coelho Julião",
                    "email": "kinncj@gmail.com",
                    "homepage": "http://kinncj.com.br",
                    "role": "Developer"
                },
                {
                    "name": "Thiago Rigo",
                    "email": "thiagophx@gmail.com"
                }
            ],
            "description": "Fluent Database Toolkit",
            "homepage": "http://respect.li",
            "time": "2012-05-05 19:11:23"
        },
        {
            "name": "respect/rest",
            "version": "0.5.1",
            "source": {
                "type": "git",
                "url": "https://github.com/Respect/Rest.git",
                "reference": "a43b76a178b677a5d7dcfd5690653fb7379d2590"
            },
            "dist": {
                "type": "zip",
                "url": "https://api.github.com/repos/Respect/Rest/zipball/a43b76a178b677a5d7dcfd5690653fb7379d2590",
                "reference": "a43b76a178b677a5d7dcfd5690653fb7379d2590",
                "shasum": ""
            },
            "type": "library",
            "autoload": {
                "psr-0": {
                    "Respect\\Rest": "library/"
                }
            },
            "notification-url": "https://packagist.org/downloads/",
            "license": [
                "BSD Style"
            ],
            "authors": [
                {
                    "name": "Henrique Moody",
                    "email": "henriquemoody@gmail.com",
                    "homepage": "http://henriquemoody.com/"
                },
                {
                    "name": "Alexandre Gaigalas",
                    "email": "alexandre@gaigalas.net"
                },
                {
                    "name": "Augusto Pascutti",
                    "email": "contato@augustopascutti.com"
                },
                {
                    "name": "kleberhs007",
                    "email": "kleberhs007@yahoo.com"
                },
                {
                    "name": "Leandro",
                    "email": "lleitep3@gmail.com"
                },
                {
                    "name": "Rogerio Prado de Jesus",
                    "email": "rogeriopradoj@gmail.com"
                },
                {
                    "name": "Alexandre Gaigalas",
                    "email": "alexandre@gaiaglas.net"
                },
                {
                    "name": "Anderson Casimiro",
                    "email": "duodraco@duo.draco"
                },
                {
                    "name": "Anderson Casimiro",
                    "email": "duodraco@gmail.com"
                },
                {
                    "name": "Augusto Pascutti",
                    "email": "augusto@phpsp.org.br"
                },
                {
                    "name": "Ben Ramsey",
                    "email": "ben@benramsey.com"
                },
                {
                    "name": "eduardomarcate",
                    "email": "eduardo@marcate.info"
                },
                {
                    "name": "Eduardo M. Garcia",
                    "email": "eduardo@debian.elam"
                },
                {
                    "name": "Nick Rawe",
                    "email": "nickrawe2@gmail.com"
                },
                {
                    "name": "Pablo Lacerda de Miranda",
                    "email": "pablolmiranda@gmail.com"
                },
                {
                    "name": "wesleyvicthor",
                    "email": "w.v.mendes.s@gmail.com"
                }
            ],
            "description": "Thin controller for RESTful applications",
            "time": "2012-09-16 23:16:41"
        },
        {
            "name": "symfony/event-dispatcher",
            "version": "v2.4.1",
            "target-dir": "Symfony/Component/EventDispatcher",
            "source": {
                "type": "git",
                "url": "https://github.com/symfony/EventDispatcher.git",
                "reference": "e3ba42f6a70554ed05749e61b829550f6ac33601"
            },
            "dist": {
                "type": "zip",
                "url": "https://api.github.com/repos/symfony/EventDispatcher/zipball/e3ba42f6a70554ed05749e61b829550f6ac33601",
                "reference": "e3ba42f6a70554ed05749e61b829550f6ac33601",
                "shasum": ""
            },
            "require": {
                "php": ">=5.3.3"
            },
            "require-dev": {
                "symfony/dependency-injection": "~2.0"
            },
            "suggest": {
                "symfony/dependency-injection": "",
                "symfony/http-kernel": ""
            },
            "type": "library",
            "extra": {
                "branch-alias": {
                    "dev-master": "2.4-dev"
                }
            },
            "autoload": {
                "psr-0": {
                    "Symfony\\Component\\EventDispatcher\\": ""
                }
            },
            "notification-url": "https://packagist.org/downloads/",
            "license": [
                "MIT"
            ],
            "authors": [
                {
                    "name": "Fabien Potencier",
                    "email": "fabien@symfony.com"
                },
                {
                    "name": "Symfony Community",
                    "homepage": "http://symfony.com/contributors"
                }
            ],
            "description": "Symfony EventDispatcher Component",
            "homepage": "http://symfony.com",
            "time": "2013-12-28 08:12:03"
        },
        {
            "name": "twig/twig",
            "version": "v1.15.0",
            "source": {
                "type": "git",
                "url": "https://github.com/fabpot/Twig.git",
                "reference": "85e4ff98000157ff753d934b9f13659a953f5666"
            },
            "dist": {
                "type": "zip",
                "url": "https://api.github.com/repos/fabpot/Twig/zipball/85e4ff98000157ff753d934b9f13659a953f5666",
                "reference": "85e4ff98000157ff753d934b9f13659a953f5666",
                "shasum": ""
            },
            "require": {
                "php": ">=5.2.4"
            },
            "type": "library",
            "extra": {
                "branch-alias": {
                    "dev-master": "1.15-dev"
                }
            },
            "autoload": {
                "psr-0": {
                    "Twig_": "lib/"
                }
            },
            "notification-url": "https://packagist.org/downloads/",
            "license": [
                "BSD-3-Clause"
            ],
            "authors": [
                {
                    "name": "Fabien Potencier",
                    "email": "fabien@symfony.com"
                },
                {
                    "name": "Armin Ronacher",
                    "email": "armin.ronacher@active-4.com"
                }
            ],
            "description": "Twig, the flexible, fast, and secure template language for PHP",
            "homepage": "http://twig.sensiolabs.org",
            "keywords": [
                "templating"
            ],
            "time": "2013-12-06 07:47:10"
        }
    ],
    "packages-dev": [

    ],
    "aliases": [

    ],
    "minimum-stability": "stable",
    "stability-flags": [

    ],
    "platform": {
        "php": ">=5.4.6"
    },
    "platform-dev": [

    ]
}
